
Microsoft Visual Studio Solution File, Format Version 12.00
# Visual Studio Version 16
VisualStudioVersion = 16.0.31702.278
MinimumVisualStudioVersion = 10.0.40219.1
Project("{8BC9CEB8-8B4A-11D0-8D11-00A0C91BC942}") = "Calculator", "Calculator\Calculator.vcxproj", "{43FCF4CC-DCAC-4ACC-B62D-0AA6233FAAE5}"
EndProject
Global
	GlobalSection(SolutionConfigurationPlatforms) = preSolution
		Debug|x64 = Debug|x64
		Debug|x86 = Debug|x86
		Release|x64 = Release|x64
		Release|x86 = Release|x86
	EndGlobalSection
	GlobalSection(ProjectConfigurationPlatforms) = postSolution
		{43FCF4CC-DCAC-4ACC-B62D-0AA6233FAAE5}.Debug|x64.ActiveCfg = Debug|x64
		{43FCF4CC-DCAC-4ACC-B62D-0AA6233FAAE5}.Debug|x64.Build.0 = Debug|x64
		{43FCF4CC-DCAC-4ACC-B62D-0AA6233FAAE5}.Debug|x86.ActiveCfg = Debug|Win32
		{43FCF4CC-DCAC-4ACC-B62D-0AA6233FAAE5}.Debug|x86.Build.0 = Debug|Win32
		{43FCF4CC-DCAC-4ACC-B62D-0AA6233FAAE5}.Release|x64.ActiveCfg = Release|x64
		{43FCF4CC-DCAC-4ACC-B62D-0AA6233FAAE5}.Release|x64.Build.0 = Release|x64
		{43FCF4CC-DCAC-4ACC-B62D-0AA6233FAAE5}.Release|x86.ActiveCfg = Release|Win32
		{43FCF4CC-DCAC-4ACC-B62D-0AA6233FAAE5}.Release|x86.Build.0 = Release|Win32
	EndGlobalSection
	GlobalSection(SolutionProperties) = preSolution
		HideSolutionNode = FALSE
	EndGlobalSection
	GlobalSection(ExtensibilityGlobals) = postSolution
		SolutionGuid = {FAB31FC4-22C1-4C67-A0B1-58FE73D864AC}
	EndGlobalSection
EndGlobal
